// !$*UTF8*$!
{
	archiveVersion = 1;
	classes = {
	};
	objectVersion = 55;
	objects = {

/* Begin PBXBuildFile section */
		065E244A27ADEC9B008A04FB /* AppDelegate.swift in Sources */ = {isa = PBXBuildFile; fileRef = 065E244927ADEC9B008A04FB /* AppDelegate.swift */; };
		065E244C27ADEC9B008A04FB /* SceneDelegate.swift in Sources */ = {isa = PBXBuildFile; fileRef = 065E244B27ADEC9B008A04FB /* SceneDelegate.swift */; };
		065E244E27ADEC9B008A04FB /* ViewController.swift in Sources */ = {isa = PBXBuildFile; fileRef = 065E244D27ADEC9B008A04FB /* ViewController.swift */; };
		065E245127ADEC9B008A04FB /* Main.storyboard in Resources */ = {isa = PBXBuildFile; fileRef = 065E244F27ADEC9B008A04FB /* Main.storyboard */; };
		065E245327ADEC9D008A04FB /* Assets.xcassets in Resources */ = {isa = PBXBuildFile; fileRef = 065E245227ADEC9D008A04FB /* Assets.xcassets */; };
		065E245627ADEC9D008A04FB /* LaunchScreen.storyboard in Resources */ = {isa = PBXBuildFile; fileRef = 065E245427ADEC9D008A04FB /* LaunchScreen.storyboard */; };
		065E246127ADEC9E008A04FB /* Third_PreworkTests.swift in Sources */ = {isa = PBXBuildFile; fileRef = 065E246027ADEC9E008A04FB /* Third_PreworkTests.swift */; };
		065E246B27ADEC9E008A04FB /* Third_PreworkUITests.swift in Sources */ = {isa = PBXBuildFile; fileRef = 065E246A27ADEC9E008A04FB /* Third_PreworkUITests.swift */; };
		065E246D27ADEC9E008A04FB /* Third_PreworkUITestsLaunchTests.swift in Sources */ = {isa = PBXBuildFile; fileRef = 065E246C27ADEC9E008A04FB /* Third_PreworkUITestsLaunchTests.swift */; };
/* End PBXBuildFile section */

/* Begin PBXContainerItemProxy section */
		065E245D27ADEC9E008A04FB /* PBXContainerItemProxy */ = {
			isa = PBXContainerItemProxy;
			containerPortal = 065E243E27ADEC9B008A04FB /* Project object */;
			proxyType = 1;
			remoteGlobalIDString = 065E244527ADEC9B008A04FB;
			remoteInfo = "Third Prework";
		};
		065E246727ADEC9E008A04FB /* PBXContainerItemProxy */ = {
			isa = PBXContainerItemProxy;
			containerPortal = 065E243E27ADEC9B008A04FB /* Project object */;
			proxyType = 1;
			remoteGlobalIDString = 065E244527ADEC9B008A04FB;
			remoteInfo = "Third Prework";
		};
/* End PBXContainerItemProxy section */

/* Begin PBXFileReference section */
		065E244627ADEC9B008A04FB /* Third Prework.app */ = {isa = PBXFileReference; explicitFileType = wrapper.application; includeInIndex = 0; path = "Third Prework.app"; sourceTree = BUILT_PRODUCTS_DIR; };
		065E244927ADEC9B008A04FB /* AppDelegate.swift */ = {isa = PBXFileReference; lastKnownFileType = sourcecode.swift; path = AppDelegate.swift; sourceTree = "<group>"; };
		065E244B27ADEC9B008A04FB /* SceneDelegate.swift */ = {isa = PBXFileReference; lastKnownFileType = sourcecode.swift; path = SceneDelegate.swift; sourceTree = "<group>"; };
		065E244D27ADEC9B008A04FB /* ViewController.swift */ = {isa = PBXFileReference; lastKnownFileType = sourcecode.swift; path = ViewController.swift; sourceTree = "<group>"; };
		065E245027ADEC9B008A04FB /* Base */ = {isa = PBXFileReference; lastKnownFileType = file.storyboard; name = Base; path = Base.lproj/Main.storyboard; sourceTree = "<group>"; };
		065E245227ADEC9D008A04FB /* Assets.xcassets */ = {isa = PBXFileReference; lastKnownFileType = folder.assetcatalog; path = Assets.xcassets; sourceTree = "<group>"; };
		065E245527ADEC9D008A04FB /* Base */ = {isa = PBXFileReference; lastKnownFileType = file.storyboard; name = Base; path = Base.lproj/LaunchScreen.storyboard; sourceTree = "<group>"; };
		065E245727ADEC9D008A04FB /* Info.plist */ = {isa = PBXFileReference; lastKnownFileType = text.plist.xml; path = Info.plist; sourceTree = "<group>"; };
		065E245C27ADEC9E008A04FB /* Third PreworkTests.xctest */ = {isa = PBXFileReference; explicitFileType = wrapper.cfbundle; includeInIndex = 0; path = "Third PreworkTests.xctest"; sourceTree = BUILT_PRODUCTS_DIR; };
		065E246027ADEC9E008A04FB /* Third_PreworkTests.swift */ = {isa = PBXFileReference; lastKnownFileType = sourcecode.swift; path = Third_PreworkTests.swift; sourceTree = "<group>"; };
		065E246627ADEC9E008A04FB /* Third PreworkUITests.xctest */ = {isa = PBXFileReference; explicitFileType = wrapper.cfbundle; includeInIndex = 0; path = "Third PreworkUITests.xctest"; sourceTree = BUILT_PRODUCTS_DIR; };
		065E246A27ADEC9E008A04FB /* Third_PreworkUITests.swift */ = {isa = PBXFileReference; lastKnownFileType = sourcecode.swift; path = Third_PreworkUITests.swift; sourceTree = "<group>"; };
		065E246C27ADEC9E008A04FB /* Third_PreworkUITestsLaunchTests.swift */ = {isa = PBXFileReference; lastKnownFileType = sourcecode.swift; path = Third_PreworkUITestsLaunchTests.swift; sourceTree = "<group>"; };
/* End PBXFileReference section */

/* Begin PBXFrameworksBuildPhase section */
		065E244327ADEC9B008A04FB /* Frameworks */ = {
			isa = PBXFrameworksBuildPhase;
			buildActionMask = 2147483647;
			files = (
			);
			runOnlyForDeploymentPostprocessing = 0;
		};
		065E245927ADEC9E008A04FB /* Frameworks */ = {
			isa = PBXFrameworksBuildPhase;
			buildActionMask = 2147483647;
			files = (
			);
			runOnlyForDeploymentPostprocessing = 0;
		};
		065E246327ADEC9E008A04FB /* Frameworks */ = {
			isa = PBXFrameworksBuildPhase;
			buildActionMask = 2147483647;
			files = (
			);
			runOnlyForDeploymentPostprocessing = 0;
		};
/* End PBXFrameworksBuildPhase section */

/* Begin PBXGroup section */
		065E243D27ADEC9B008A04FB = {
			isa = PBXGroup;
			children = (
				065E244827ADEC9B008A04FB /* Third Prework */,
				065E245F27ADEC9E008A04FB /* Third PreworkTests */,
				065E246927ADEC9E008A04FB /* Third PreworkUITests */,
				065E244727ADEC9B008A04FB /* Products */,
			);
			sourceTree = "<group>";
		};
		065E244727ADEC9B008A04FB /* Products */ = {
			isa = PBXGroup;
			children = (
				065E244627ADEC9B008A04FB /* Third Prework.app */,
				065E245C27ADEC9E008A04FB /* Third PreworkTests.xctest */,
				065E246627ADEC9E008A04FB /* Third PreworkUITests.xctest */,
			);
			name = Products;
			sourceTree = "<group>";
		};
		065E244827ADEC9B008A04FB /* Third Prework */ = {
			isa = PBXGroup;
			children = (
				065E244927ADEC9B008A04FB /* AppDelegate.swift */,
				065E244B27ADEC9B008A04FB /* SceneDelegate.swift */,
				065E244D27ADEC9B008A04FB /* ViewController.swift */,
				065E244F27ADEC9B008A04FB /* Main.storyboard */,
				065E245227ADEC9D008A04FB /* Assets.xcassets */,
				065E245427ADEC9D008A04FB /* LaunchScreen.storyboard */,
				065E245727ADEC9D008A04FB /* Info.plist */,
			);
			path = "Third Prework";
			sourceTree = "<group>";
		};
		065E245F27ADEC9E008A04FB /* Third PreworkTests */ = {
			isa = PBXGroup;
			children = (
				065E246027ADEC9E008A04FB /* Third_PreworkTests.swift */,
			);
			path = "Third PreworkTests";
			sourceTree = "<group>";
		};
		065E246927ADEC9E008A04FB /* Third PreworkUITests */ = {
			isa = PBXGroup;
			children = (
				065E246A27ADEC9E008A04FB /* Third_PreworkUITests.swift */,
				065E246C27ADEC9E008A04FB /* Third_PreworkUITestsLaunchTests.swift */,
			);
			path = "Third PreworkUITests";
			sourceTree = "<group>";
		};
/* End PBXGroup section */

/* Begin PBXNativeTarget section */
		065E244527ADEC9B008A04FB /* Third Prework */ = {
			isa = PBXNativeTarget;
			buildConfigurationList = 065E247027ADEC9E008A04FB /* Build configuration list for PBXNativeTarget "Third Prework" */;
			buildPhases = (
				065E244227ADEC9B008A04FB /* Sources */,
				065E244327ADEC9B008A04FB /* Frameworks */,
				065E244427ADEC9B008A04FB /* Resources */,
			);
			buildRules = (
			);
			dependencies = (
			);
			name = "Third Prework";
			productName = "Third Prework";
			productReference = 065E244627ADEC9B008A04FB /* Third Prework.app */;
			productType = "com.apple.product-type.application";
		};
		065E245B27ADEC9E008A04FB /* Third PreworkTests */ = {
			isa = PBXNativeTarget;
			buildConfigurationList = 065E247327ADEC9E008A04FB /* Build configuration list for PBXNativeTarget "Third PreworkTests" */;
			buildPhases = (
				065E245827ADEC9E008A04FB /* Sources */,
				065E245927ADEC9E008A04FB /* Frameworks */,
				065E245A27ADEC9E008A04FB /* Resources */,
			);
			buildRules = (
			);
			dependencies = (
				065E245E27ADEC9E008A04FB /* PBXTargetDependency */,
			);
			name = "Third PreworkTests";
			productName = "Third PreworkTests";
			productReference = 065E245C27ADEC9E008A04FB /* Third PreworkTests.xctest */;
			productType = "com.apple.product-type.bundle.unit-test";
		};
		065E246527ADEC9E008A04FB /* Third PreworkUITests */ = {
			isa = PBXNativeTarget;
			buildConfigurationList = 065E247627ADEC9E008A04FB /* Build configuration list for PBXNativeTarget "Third PreworkUITests" */;
			buildPhases = (
				065E246227ADEC9E008A04FB /* Sources */,
				065E246327ADEC9E008A04FB /* Frameworks */,
				065E246427ADEC9E008A04FB /* Resources */,
			);
			buildRules = (
			);
			dependencies = (
				065E246827ADEC9E008A04FB /* PBXTargetDependency */,
			);
			name = "Third PreworkUITests";
			productName = "Third PreworkUITests";
			productReference = 065E246627ADEC9E008A04FB /* Third PreworkUITests.xctest */;
			productType = "com.apple.product-type.bundle.ui-testing";
		};
/* End PBXNativeTarget section */

/* Begin PBXProject section */
		065E243E27ADEC9B008A04FB /* Project object */ = {
			isa = PBXProject;
			attributes = {
				BuildIndependentTargetsInParallel = 1;
				LastSwiftUpdateCheck = 1320;
				LastUpgradeCheck = 1320;
				TargetAttributes = {
					065E244527ADEC9B008A04FB = {
						CreatedOnToolsVersion = 13.2.1;
					};
					065E245B27ADEC9E008A04FB = {
						CreatedOnToolsVersion = 13.2.1;
						TestTargetID = 065E244527ADEC9B008A04FB;
					};
					065E246527ADEC9E008A04FB = {
						CreatedOnToolsVersion = 13.2.1;
						TestTargetID = 065E244527ADEC9B008A04FB;
					};
				};
			};
			buildConfigurationList = 065E244127ADEC9B008A04FB /* Build configuration list for PBXProject "Third Prework" */;
			compatibilityVersion = "Xcode 13.0";
			developmentRegion = en;
			hasScannedForEncodings = 0;
			knownRegions = (
				en,
				Base,
			);
			mainGroup = 065E243D27ADEC9B008A04FB;
			productRefGroup = 065E244727ADEC9B008A04FB /* Products */;
			projectDirPath = "";
			projectRoot = "";
			targets = (
				065E244527ADEC9B008A04FB /* Third Prework */,
				065E245B27ADEC9E008A04FB /* Third PreworkTests */,
				065E246527ADEC9E008A04FB /* Third PreworkUITests */,
			);
		};
/* End PBXProject section */

/* Begin PBXResourcesBuildPhase section */
		065E244427ADEC9B008A04FB /* Resources */ = {
			isa = PBXResourcesBuildPhase;
			buildActionMask = 2147483647;
			files = (
				065E245627ADEC9D008A04FB /* LaunchScreen.storyboard in Resources */,
				065E245327ADEC9D008A04FB /* Assets.xcassets in Resources */,
				065E245127ADEC9B008A04FB /* Main.storyboard in Resources */,
			);
			runOnlyForDeploymentPostprocessing = 0;
		};
		065E245A27ADEC9E008A04FB /* Resources */ = {
			isa = PBXResourcesBuildPhase;
			buildActionMask = 2147483647;
			files = (
			);
			runOnlyForDeploymentPostprocessing = 0;
		};
		065E246427ADEC9E008A04FB /* Resources */ = {
			isa = PBXResourcesBuildPhase;
			buildActionMask = 2147483647;
			files = (
			);
			runOnlyForDeploymentPostprocessing = 0;
		};
/* End PBXResourcesBuildPhase section */

/* Begin PBXSourcesBuildPhase section */
		065E244227ADEC9B008A04FB /* Sources */ = {
			isa = PBXSourcesBuildPhase;
			buildActionMask = 2147483647;
			files = (
				065E244E27ADEC9B008A04FB /* ViewController.swift in Sources */,
				065E244A27ADEC9B008A04FB /* AppDelegate.swift in Sources */,
				065E244C27ADEC9B008A04FB /* SceneDelegate.swift in Sources */,
			);
			runOnlyForDeploymentPostprocessing = 0;
		};
		065E245827ADEC9E008A04FB /* Sources */ = {
			isa = PBXSourcesBuildPhase;
			buildActionMask = 2147483647;
			files = (
				065E246127ADEC9E008A04FB /* Third_PreworkTests.swift in Sources */,
			);
			runOnlyForDeploymentPostprocessing = 0;
		};
		065E246227ADEC9E008A04FB /* Sources */ = {
			isa = PBXSourcesBuildPhase;
			buildActionMask = 2147483647;
			files = (
				065E246B27ADEC9E008A04FB /* Third_PreworkUITests.swift in Sources */,
				065E246D27ADEC9E008A04FB /* Third_PreworkUITestsLaunchTests.swift in Sources */,
			);
			runOnlyForDeploymentPostprocessing = 0;
		};
/* End PBXSourcesBuildPhase section */

/* Begin PBXTargetDependency section */
		065E245E27ADEC9E008A04FB /* PBXTargetDependency */ = {
			isa = PBXTargetDependency;
			target = 065E244527ADEC9B008A04FB /* Third Prework */;
			targetProxy = 065E245D27ADEC9E008A04FB /* PBXContainerItemProxy */;
		};
		065E246827ADEC9E008A04FB /* PBXTargetDependency */ = {
			isa = PBXTargetDependency;
			target = 065E244527ADEC9B008A04FB /* Third Prework */;
			targetProxy = 065E246727ADEC9E008A04FB /* PBXContainerItemProxy */;
		};
/* End PBXTargetDependency section */

/* Begin PBXVariantGroup section */
		065E244F27ADEC9B008A04FB /* Main.storyboard */ = {
			isa = PBXVariantGroup;
			children = (
				065E245027ADEC9B008A04FB /* Base */,
			);
			name = Main.storyboard;
			sourceTree = "<group>";
		};
		065E245427ADEC9D008A04FB /* LaunchScreen.storyboard */ = {
			isa = PBXVariantGroup;
			children = (
				065E245527ADEC9D008A04FB /* Base */,
			);
			name = LaunchScreen.storyboard;
			sourceTree = "<group>";
		};
/* End PBXVariantGroup section */

/* Begin XCBuildConfiguration section */
		065E246E27ADEC9E008A04FB /* Debug */ = {
			isa = XCBuildConfiguration;
			buildSettings = {
				ALWAYS_SEARCH_USER_PATHS = NO;
				CLANG_ANALYZER_NONNULL = YES;
				CLANG_ANALYZER_NUMBER_OBJECT_CONVERSION = YES_AGGRESSIVE;
				CLANG_CXX_LANGUAGE_STANDARD = "gnu++17";
				CLANG_CXX_LIBRARY = "libc++";
				CLANG_ENABLE_MODULES = YES;
				CLANG_ENABLE_OBJC_ARC = YES;
				CLANG_ENABLE_OBJC_WEAK = YES;
				CLANG_WARN_BLOCK_CAPTURE_AUTORELEASING = YES;
				CLANG_WARN_BOOL_CONVERSION = YES;
				CLANG_WARN_COMMA = YES;
				CLANG_WARN_CONSTANT_CONVERSION = YES;
				CLANG_WARN_DEPRECATED_OBJC_IMPLEMENTATIONS = YES;
				CLANG_WARN_DIRECT_OBJC_ISA_USAGE = YES_ERROR;
				CLANG_WARN_DOCUMENTATION_COMMENTS = YES;
				CLANG_WARN_EMPTY_BODY = YES;
				CLANG_WARN_ENUM_CONVERSION = YES;
				CLANG_WARN_INFINITE_RECURSION = YES;
				CLANG_WARN_INT_CONVERSION = YES;
				CLANG_WARN_NON_LITERAL_NULL_CONVERSION = YES;
				CLANG_WARN_OBJC_IMPLICIT_RETAIN_SELF = YES;
				CLANG_WARN_OBJC_LITERAL_CONVERSION = YES;
				CLANG_WARN_OBJC_ROOT_CLASS = YES_ERROR;
				CLANG_WARN_QUOTED_INCLUDE_IN_FRAMEWORK_HEADER = YES;
				CLANG_WARN_RANGE_LOOP_ANALYSIS = YES;
				CLANG_WARN_STRICT_PROTOTYPES = YES;
				CLANG_WARN_SUSPICIOUS_MOVE = YES;
				CLANG_WARN_UNGUARDED_AVAILABILITY = YES_AGGRESSIVE;
				CLANG_WARN_UNREACHABLE_CODE = YES;
				CLANG_WARN__DUPLICATE_METHOD_MATCH = YES;
				COPY_PHASE_STRIP = NO;
				DEBUG_INFORMATION_FORMAT = dwarf;
				ENABLE_STRICT_OBJC_MSGSEND = YES;
				ENABLE_TESTABILITY = YES;
				GCC_C_LANGUAGE_STANDARD = gnu11;
				GCC_DYNAMIC_NO_PIC = NO;
				GCC_NO_COMMON_BLOCKS = YES;
				GCC_OPTIMIZATION_LEVEL = 0;
				GCC_PREPROCESSOR_DEFINITIONS = (
					"DEBUG=1",
					"$(inherited)",
				);
				GCC_WARN_64_TO_32_BIT_CONVERSION = YES;
				GCC_WARN_ABOUT_RETURN_TYPE = YES_ERROR;
				GCC_WARN_UNDECLARED_SELECTOR = YES;
				GCC_WARN_UNINITIALIZED_AUTOS = YES_AGGRESSIVE;
				GCC_WARN_UNUSED_FUNCTION = YES;
				GCC_WARN_UNUSED_VARIABLE = YES;
				IPHONEOS_DEPLOYMENT_TARGET = 15.2;
				MTL_ENABLE_DEBUG_INFO = INCLUDE_SOURCE;
				MTL_FAST_MATH = YES;
				ONLY_ACTIVE_ARCH = YES;
				SDKROOT = iphoneos;
				SWIFT_ACTIVE_COMPILATION_CONDITIONS = DEBUG;
				SWIFT_OPTIMIZATION_LEVEL = "-Onone";
			};
			name = Debug;
		};
		065E246F27ADEC9E008A04FB /* Release */ = {
			isa = XCBuildConfiguration;
			buildSettings = {
				ALWAYS_SEARCH_USER_PATHS = NO;
				CLANG_ANALYZER_NONNULL = YES;
				CLANG_ANALYZER_NUMBER_OBJECT_CONVERSION = YES_AGGRESSIVE;
				CLANG_CXX_LANGUAGE_STANDARD = "gnu++17";
				CLANG_CXX_LIBRARY = "libc++";
				CLANG_ENABLE_MODULES = YES;
				CLANG_ENABLE_OBJC_ARC = YES;
				CLANG_ENABLE_OBJC_WEAK = YES;
				CLANG_WARN_BLOCK_CAPTURE_AUTORELEASING = YES;
				CLANG_WARN_BOOL_CONVERSION = YES;
				CLANG_WARN_COMMA = YES;
				CLANG_WARN_CONSTANT_CONVERSION = YES;
				CLANG_WARN_DEPRECATED_OBJC_IMPLEMENTATIONS = YES;
				CLANG_WARN_DIRECT_OBJC_ISA_USAGE = YES_ERROR;
				CLANG_WARN_DOCUMENTATION_COMMENTS = YES;
				CLANG_WARN_EMPTY_BODY = YES;
				CLANG_WARN_ENUM_CONVERSION = YES;
				CLANG_WARN_INFINITE_RECURSION = YES;
				CLANG_WARN_INT_CONVERSION = YES;
				CLANG_WARN_NON_LITERAL_NULL_CONVERSION = YES;
				CLANG_WARN_OBJC_IMPLICIT_RETAIN_SELF = YES;
				CLANG_WARN_OBJC_LITERAL_CONVERSION = YES;
				CLANG_WARN_OBJC_ROOT_CLASS = YES_ERROR;
				CLANG_WARN_QUOTED_INCLUDE_IN_FRAMEWORK_HEADER = YES;
				CLANG_WARN_RANGE_LOOP_ANALYSIS = YES;
				CLANG_WARN_STRICT_PROTOTYPES = YES;
				CLANG_WARN_SUSPICIOUS_MOVE = YES;
				CLANG_WARN_UNGUARDED_AVAILABILITY = YES_AGGRESSIVE;
				CLANG_WARN_UNREACHABLE_CODE = YES;
				CLANG_WARN__DUPLICATE_METHOD_MATCH = YES;
				COPY_PHASE_STRIP = NO;
				DEBUG_INFORMATION_FORMAT = "dwarf-with-dsym";
				ENABLE_NS_ASSERTIONS = NO;
				ENABLE_STRICT_OBJC_MSGSEND = YES;
				GCC_C_LANGUAGE_STANDARD = gnu11;
				GCC_NO_COMMON_BLOCKS = YES;
				GCC_WARN_64_TO_32_BIT_CONVERSION = YES;
				GCC_WARN_ABOUT_RETURN_TYPE = YES_ERROR;
				GCC_WARN_UNDECLARED_SELECTOR = YES;
				GCC_WARN_UNINITIALIZED_AUTOS = YES_AGGRESSIVE;
				GCC_WARN_UNUSED_FUNCTION = YES;
				GCC_WARN_UNUSED_VARIABLE = YES;
				IPHONEOS_DEPLOYMENT_TARGET = 15.2;
				MTL_ENABLE_DEBUG_INFO = NO;
				MTL_FAST_MATH = YES;
				SDKROOT = iphoneos;
				SWIFT_COMPILATION_MODE = wholemodule;
				SWIFT_OPTIMIZATION_LEVEL = "-O";
				VALIDATE_PRODUCT = YES;
			};
			name = Release;
		};
		065E247127ADEC9E008A04FB /* Debug */ = {
			isa = XCBuildConfiguration;
			buildSettings = {
				ASSETCATALOG_COMPILER_APPICON_NAME = AppIcon;
				ASSETCATALOG_COMPILER_GLOBAL_ACCENT_COLOR_NAME = AccentColor;
				CODE_SIGN_STYLE = Automatic;
				CURRENT_PROJECT_VERSION = 1;
				GENERATE_INFOPLIST_FILE = YES;
				INFOPLIST_FILE = "Third Prework/Info.plist";
				INFOPLIST_KEY_UIApplicationSupportsIndirectInputEvents = YES;
				INFOPLIST_KEY_UILaunchStoryboardName = LaunchScreen;
				INFOPLIST_KEY_UIMainStoryboardFile = Main;
				INFOPLIST_KEY_UISupportedInterfaceOrientations_iPad = "UIInterfaceOrientationPortrait UIInterfaceOrientationPortraitUpsideDown UIInterfaceOrientationLandscapeLeft UIInterfaceOrientationLandscapeRight";
				INFOPLIST_KEY_UISupportedInterfaceOrientations_iPhone = "UIInterfaceOrientationPortrait UIInterfaceOrientationLandscapeLeft UIInterfaceOrientationLandscapeRight";
				LD_RUNPATH_SEARCH_PATHS = (
					"$(inherited)",
					"@executable_path/Frameworks",
				);
				MARKETING_VERSION = 1.0;
				PRODUCT_BUNDLE_IDENTIFIER = "memo.com.Third-Prework";
				PRODUCT_NAME = "$(TARGET_NAME)";
				SWIFT_EMIT_LOC_STRINGS = YES;
				SWIFT_VERSION = 5.0;
				TARGETED_DEVICE_FAMILY = "1,2";
			};
			name = Debug;
		};
		065E247227ADEC9E008A04FB /* Release */ = {
			isa = XCBuildConfiguration;
			buildSettings = {
				ASSETCATALOG_COMPILER_APPICON_NAME = AppIcon;
				ASSETCATALOG_COMPILER_GLOBAL_ACCENT_COLOR_NAME = AccentColor;
				CODE_SIGN_STYLE = Automatic;
				CURRENT_PROJECT_VERSION = 1;
				GENERATE_INFOPLIST_FILE = YES;
				INFOPLIST_FILE = "Third Prework/Info.plist";
				INFOPLIST_KEY_UIApplicationSupportsIndirectInputEvents = YES;
				INFOPLIST_KEY_UILaunchStoryboardName = LaunchScreen;
				INFOPLIST_KEY_UIMainStoryboardFile = Main;
				INFOPLIST_KEY_UISupportedInterfaceOrientations_iPad = "UIInterfaceOrientationPortrait UIInterfaceOrientationPortraitUpsideDown UIInterfaceOrientationLandscapeLeft UIInterfaceOrientationLandscapeRight";
				INFOPLIST_KEY_UISupportedInterfaceOrientations_iPhone = "UIInterfaceOrientationPortrait UIInterfaceOrientationLandscapeLeft UIInterfaceOrientationLandscapeRight";
				LD_RUNPATH_SEARCH_PATHS = (
					"$(inherited)",
					"@executable_path/Frameworks",
				);
				MARKETING_VERSION = 1.0;
				PRODUCT_BUNDLE_IDENTIFIER = "memo.com.Third-Prework";
				PRODUCT_NAME = "$(TARGET_NAME)";
				SWIFT_EMIT_LOC_STRINGS = YES;
				SWIFT_VERSION = 5.0;
				TARGETED_DEVICE_FAMILY = "1,2";
			};
			name = Release;
		};
		065E247427ADEC9E008A04FB /* Debug */ = {
			isa = XCBuildConfiguration;
			buildSettings = {
				ALWAYS_EMBED_SWIFT_STANDARD_LIBRARIES = YES;
				BUNDLE_LOADER = "$(TEST_HOST)";
				CODE_SIGN_STYLE = Automatic;
				CURRENT_PROJECT_VERSION = 1;
				GENERATE_INFOPLIST_FILE = YES;
				IPHONEOS_DEPLOYMENT_TARGET = 15.2;
				MARKETING_VERSION = 1.0;
				PRODUCT_BUNDLE_IDENTIFIER = "memo.com.Third-PreworkTests";
				PRODUCT_NAME = "$(TARGET_NAME)";
				SWIFT_EMIT_LOC_STRINGS = NO;
				SWIFT_VERSION = 5.0;
				TARGETED_DEVICE_FAMILY = "1,2";
				TEST_HOST = "$(BUILT_PRODUCTS_DIR)/Third Prework.app/Third Prework";
			};
			name = Debug;
		};
		065E247527ADEC9E008A04FB /* Release */ = {
			isa = XCBuildConfiguration;
			buildSettings = {
				ALWAYS_EMBED_SWIFT_STANDARD_LIBRARIES = YES;
				BUNDLE_LOADER = "$(TEST_HOST)";
				CODE_SIGN_STYLE = Automatic;
				CURRENT_PROJECT_VERSION = 1;
				GENERATE_INFOPLIST_FILE = YES;
				IPHONEOS_DEPLOYMENT_TARGET = 15.2;
				MARKETING_VERSION = 1.0;
				PRODUCT_BUNDLE_IDENTIFIER = "memo.com.Third-PreworkTests";
				PRODUCT_NAME = "$(TARGET_NAME)";
				SWIFT_EMIT_LOC_STRINGS = NO;
				SWIFT_VERSION = 5.0;
				TARGETED_DEVICE_FAMILY = "1,2";
				TEST_HOST = "$(BUILT_PRODUCTS_DIR)/Third Prework.app/Third Prework";
			};
			name = Release;
		};
		065E247727ADEC9E008A04FB /* Debug */ = {
			isa = XCBuildConfiguration;
			buildSettings = {
				ALWAYS_EMBED_SWIFT_STANDARD_LIBRARIES = YES;
				CODE_SIGN_STYLE = Automatic;
				CURRENT_PROJECT_VERSION = 1;
				GENERATE_INFOPLIST_FILE = YES;
				MARKETING_VERSION = 1.0;
				PRODUCT_BUNDLE_IDENTIFIER = "memo.com.Third-PreworkUITests";
				PRODUCT_NAME = "$(TARGET_NAME)";
				SWIFT_EMIT_LOC_STRINGS = NO;
				SWIFT_VERSION = 5.0;
				TARGETED_DEVICE_FAMILY = "1,2";
				TEST_TARGET_NAME = "Third Prework";
			};
			name = Debug;
		};
		065E247827ADEC9E008A04FB /* Release */ = {
			isa = XCBuildConfiguration;
			buildSettings = {
				ALWAYS_EMBED_SWIFT_STANDARD_LIBRARIES = YES;
				CODE_SIGN_STYLE = Automatic;
				CURRENT_PROJECT_VERSION = 1;
				GENERATE_INFOPLIST_FILE = YES;
				MARKETING_VERSION = 1.0;
				PRODUCT_BUNDLE_IDENTIFIER = "memo.com.Third-PreworkUITests";
				PRODUCT_NAME = "$(TARGET_NAME)";
				SWIFT_EMIT_LOC_STRINGS = NO;
				SWIFT_VERSION = 5.0;
				TARGETED_DEVICE_FAMILY = "1,2";
				TEST_TARGET_NAME = "Third Prework";
			};
			name = Release;
		};
/* End XCBuildConfiguration section */

/* Begin XCConfigurationList section */
		065E244127ADEC9B008A04FB /* Build configuration list for PBXProject "Third Prework" */ = {
			isa = XCConfigurationList;
			buildConfigurations = (
				065E246E27ADEC9E008A04FB /* Debug */,
				065E246F27ADEC9E008A04FB /* Release */,
			);
			defaultConfigurationIsVisible = 0;
			defaultConfigurationName = Release;
		};
		065E247027ADEC9E008A04FB /* Build configuration list for PBXNativeTarget "Third Prework" */ = {
			isa = XCConfigurationList;
			buildConfigurations = (
				065E247127ADEC9E008A04FB /* Debug */,
				065E247227ADEC9E008A04FB /* Release */,
			);
			defaultConfigurationIsVisible = 0;
			defaultConfigurationName = Release;
		};
		065E247327ADEC9E008A04FB /* Build configuration list for PBXNativeTarget "Third PreworkTests" */ = {
			isa = XCConfigurationList;
			buildConfigurations = (
				065E247427ADEC9E008A04FB /* Debug */,
				065E247527ADEC9E008A04FB /* Release */,
			);
			defaultConfigurationIsVisible = 0;
			defaultConfigurationName = Release;
		};
		065E247627ADEC9E008A04FB /* Build configuration list for PBXNativeTarget "Third PreworkUITests" */ = {
			isa = XCConfigurationList;
			buildConfigurations = (
				065E247727ADEC9E008A04FB /* Debug */,
				065E247827ADEC9E008A04FB /* Release */,
			);
			defaultConfigurationIsVisible = 0;
			defaultConfigurationName = Release;
		};
/* End XCConfigurationList section */
	};
	rootObject = 065E243E27ADEC9B008A04FB /* Project object */;
}
